// !$*UTF8*$!
{
	archiveVersion = 1;
	classes = {
	};
	objectVersion = 56;
	objects = {

/* Begin PBXBuildFile section */
		113C6C2A292C75FE00644596 /* swift_rollApp.swift in Sources */ = {isa = PBXBuildFile; fileRef = 113C6C29292C75FE00644596 /* swift_rollApp.swift */; };
		113C6C2C292C75FE00644596 /* ContentView.swift in Sources */ = {isa = PBXBuildFile; fileRef = 113C6C2B292C75FE00644596 /* ContentView.swift */; };
		113C6C2E292C760100644596 /* Assets.xcassets in Resources */ = {isa = PBXBuildFile; fileRef = 113C6C2D292C760100644596 /* Assets.xcassets */; };
		113C6C31292C760100644596 /* Preview Assets.xcassets in Resources */ = {isa = PBXBuildFile; fileRef = 113C6C30292C760100644596 /* Preview Assets.xcassets */; };
		113C6C3B292C760200644596 /* swift_rollTests.swift in Sources */ = {isa = PBXBuildFile; fileRef = 113C6C3A292C760200644596 /* swift_rollTests.swift */; };
		113C6C45292C760200644596 /* swift_rollUITests.swift in Sources */ = {isa = PBXBuildFile; fileRef = 113C6C44292C760200644596 /* swift_rollUITests.swift */; };
		113C6C47292C760200644596 /* swift_rollUITestsLaunchTests.swift in Sources */ = {isa = PBXBuildFile; fileRef = 113C6C46292C760200644596 /* swift_rollUITestsLaunchTests.swift */; };
/* End PBXBuildFile section */

/* Begin PBXContainerItemProxy section */
		113C6C37292C760200644596 /* PBXContainerItemProxy */ = {
			isa = PBXContainerItemProxy;
			containerPortal = 113C6C1E292C75FD00644596 /* Project object */;
			proxyType = 1;
			remoteGlobalIDString = 113C6C25292C75FD00644596;
			remoteInfo = swift_roll;
		};
		113C6C41292C760200644596 /* PBXContainerItemProxy */ = {
			isa = PBXContainerItemProxy;
			containerPortal = 113C6C1E292C75FD00644596 /* Project object */;
			proxyType = 1;
			remoteGlobalIDString = 113C6C25292C75FD00644596;
			remoteInfo = swift_roll;
		};
/* End PBXContainerItemProxy section */

/* Begin PBXFileReference section */
		113C6C26292C75FE00644596 /* swift_roll.app */ = {isa = PBXFileReference; explicitFileType = wrapper.application; includeInIndex = 0; path = swift_roll.app; sourceTree = BUILT_PRODUCTS_DIR; };
		113C6C29292C75FE00644596 /* swift_rollApp.swift */ = {isa = PBXFileReference; lastKnownFileType = sourcecode.swift; path = swift_rollApp.swift; sourceTree = "<group>"; };
		113C6C2B292C75FE00644596 /* ContentView.swift */ = {isa = PBXFileReference; lastKnownFileType = sourcecode.swift; path = ContentView.swift; sourceTree = "<group>"; };
		113C6C2D292C760100644596 /* Assets.xcassets */ = {isa = PBXFileReference; lastKnownFileType = folder.assetcatalog; path = Assets.xcassets; sourceTree = "<group>"; };
		113C6C30292C760100644596 /* Preview Assets.xcassets */ = {isa = PBXFileReference; lastKnownFileType = folder.assetcatalog; path = "Preview Assets.xcassets"; sourceTree = "<group>"; };
		113C6C36292C760200644596 /* swift_rollTests.xctest */ = {isa = PBXFileReference; explicitFileType = wrapper.cfbundle; includeInIndex = 0; path = swift_rollTests.xctest; sourceTree = BUILT_PRODUCTS_DIR; };
		113C6C3A292C760200644596 /* swift_rollTests.swift */ = {isa = PBXFileReference; lastKnownFileType = sourcecode.swift; path = swift_rollTests.swift; sourceTree = "<group>"; };
		113C6C40292C760200644596 /* swift_rollUITests.xctest */ = {isa = PBXFileReference; explicitFileType = wrapper.cfbundle; includeInIndex = 0; path = swift_rollUITests.xctest; sourceTree = BUILT_PRODUCTS_DIR; };
		113C6C44292C760200644596 /* swift_rollUITests.swift */ = {isa = PBXFileReference; lastKnownFileType = sourcecode.swift; path = swift_rollUITests.swift; sourceTree = "<group>"; };
		113C6C46292C760200644596 /* swift_rollUITestsLaunchTests.swift */ = {isa = PBXFileReference; lastKnownFileType = sourcecode.swift; path = swift_rollUITestsLaunchTests.swift; sourceTree = "<group>"; };
/* End PBXFileReference section */

/* Begin PBXFrameworksBuildPhase section */
		113C6C23292C75FD00644596 /* Frameworks */ = {
			isa = PBXFrameworksBuildPhase;
			buildActionMask = 2147483647;
			files = (
			);
			runOnlyForDeploymentPostprocessing = 0;
		};
		113C6C33292C760200644596 /* Frameworks */ = {
			isa = PBXFrameworksBuildPhase;
			buildActionMask = 2147483647;
			files = (
			);
			runOnlyForDeploymentPostprocessing = 0;
		};
		113C6C3D292C760200644596 /* Frameworks */ = {
			isa = PBXFrameworksBuildPhase;
			buildActionMask = 2147483647;
			files = (
			);
			runOnlyForDeploymentPostprocessing = 0;
		};
/* End PBXFrameworksBuildPhase section */

/* Begin PBXGroup section */
		113C6C1D292C75FD00644596 = {
			isa = PBXGroup;
			children = (
				113C6C28292C75FE00644596 /* swift_roll */,
				113C6C39292C760200644596 /* swift_rollTests */,
				113C6C43292C760200644596 /* swift_rollUITests */,
				113C6C27292C75FE00644596 /* Products */,
			);
			sourceTree = "<group>";
		};
		113C6C27292C75FE00644596 /* Products */ = {
			isa = PBXGroup;
			children = (
				113C6C26292C75FE00644596 /* swift_roll.app */,
				113C6C36292C760200644596 /* swift_rollTests.xctest */,
				113C6C40292C760200644596 /* swift_rollUITests.xctest */,
			);
			name = Products;
			sourceTree = "<group>";
		};
		113C6C28292C75FE00644596 /* swift_roll */ = {
			isa = PBXGroup;
			children = (
				113C6C29292C75FE00644596 /* swift_rollApp.swift */,
				113C6C2B292C75FE00644596 /* ContentView.swift */,
				113C6C2D292C760100644596 /* Assets.xcassets */,
				113C6C2F292C760100644596 /* Preview Content */,
			);
			path = swift_roll;
			sourceTree = "<group>";
		};
		113C6C2F292C760100644596 /* Preview Content */ = {
			isa = PBXGroup;
			children = (
				113C6C30292C760100644596 /* Preview Assets.xcassets */,
			);
			path = "Preview Content";
			sourceTree = "<group>";
		};
		113C6C39292C760200644596 /* swift_rollTests */ = {
			isa = PBXGroup;
			children = (
				113C6C3A292C760200644596 /* swift_rollTests.swift */,
			);
			path = swift_rollTests;
			sourceTree = "<group>";
		};
		113C6C43292C760200644596 /* swift_rollUITests */ = {
			isa = PBXGroup;
			children = (
				113C6C44292C760200644596 /* swift_rollUITests.swift */,
				113C6C46292C760200644596 /* swift_rollUITestsLaunchTests.swift */,
			);
			path = swift_rollUITests;
			sourceTree = "<group>";
		};
/* End PBXGroup section */

/* Begin PBXNativeTarget section */
		113C6C25292C75FD00644596 /* swift_roll */ = {
			isa = PBXNativeTarget;
			buildConfigurationList = 113C6C4A292C760200644596 /* Build configuration list for PBXNativeTarget "swift_roll" */;
			buildPhases = (
				113C6C22292C75FD00644596 /* Sources */,
				113C6C23292C75FD00644596 /* Frameworks */,
				113C6C24292C75FD00644596 /* Resources */,
			);
			buildRules = (
			);
			dependencies = (
			);
			name = swift_roll;
			productName = swift_roll;
			productReference = 113C6C26292C75FE00644596 /* swift_roll.app */;
			productType = "com.apple.product-type.application";
		};
		113C6C35292C760200644596 /* swift_rollTests */ = {
			isa = PBXNativeTarget;
			buildConfigurationList = 113C6C4D292C760200644596 /* Build configuration list for PBXNativeTarget "swift_rollTests" */;
			buildPhases = (
				113C6C32292C760200644596 /* Sources */,
				113C6C33292C760200644596 /* Frameworks */,
				113C6C34292C760200644596 /* Resources */,
			);
			buildRules = (
			);
			dependencies = (
				113C6C38292C760200644596 /* PBXTargetDependency */,
			);
			name = swift_rollTests;
			productName = swift_rollTests;
			productReference = 113C6C36292C760200644596 /* swift_rollTests.xctest */;
			productType = "com.apple.product-type.bundle.unit-test";
		};
		113C6C3F292C760200644596 /* swift_rollUITests */ = {
			isa = PBXNativeTarget;
			buildConfigurationList = 113C6C50292C760200644596 /* Build configuration list for PBXNativeTarget "swift_rollUITests" */;
			buildPhases = (
				113C6C3C292C760200644596 /* Sources */,
				113C6C3D292C760200644596 /* Frameworks */,
				113C6C3E292C760200644596 /* Resources */,
			);
			buildRules = (
			);
			dependencies = (
				113C6C42292C760200644596 /* PBXTargetDependency */,
			);
			name = swift_rollUITests;
			productName = swift_rollUITests;
			productReference = 113C6C40292C760200644596 /* swift_rollUITests.xctest */;
			productType = "com.apple.product-type.bundle.ui-testing";
		};
/* End PBXNativeTarget section */

/* Begin PBXProject section */
		113C6C1E292C75FD00644596 /* Project object */ = {
			isa = PBXProject;
			attributes = {
				BuildIndependentTargetsInParallel = 1;
				LastSwiftUpdateCheck = 1410;
				LastUpgradeCheck = 1410;
				TargetAttributes = {
					113C6C25292C75FD00644596 = {
						CreatedOnToolsVersion = 14.1;
					};
					113C6C35292C760200644596 = {
						CreatedOnToolsVersion = 14.1;
						TestTargetID = 113C6C25292C75FD00644596;
					};
					113C6C3F292C760200644596 = {
						CreatedOnToolsVersion = 14.1;
						TestTargetID = 113C6C25292C75FD00644596;
					};
				};
			};
			buildConfigurationList = 113C6C21292C75FD00644596 /* Build configuration list for PBXProject "swift_roll" */;
			compatibilityVersion = "Xcode 14.0";
			developmentRegion = en;
			hasScannedForEncodings = 0;
			knownRegions = (
				en,
				Base,
			);
			mainGroup = 113C6C1D292C75FD00644596;
			productRefGroup = 113C6C27292C75FE00644596 /* Products */;
			projectDirPath = "";
			projectRoot = "";
			targets = (
				113C6C25292C75FD00644596 /* swift_roll */,
				113C6C35292C760200644596 /* swift_rollTests */,
				113C6C3F292C760200644596 /* swift_rollUITests */,
			);
		};
/* End PBXProject section */

/* Begin PBXResourcesBuildPhase section */
		113C6C24292C75FD00644596 /* Resources */ = {
			isa = PBXResourcesBuildPhase;
			buildActionMask = 2147483647;
			files = (
				113C6C31292C760100644596 /* Preview Assets.xcassets in Resources */,
				113C6C2E292C760100644596 /* Assets.xcassets in Resources */,
			);
			runOnlyForDeploymentPostprocessing = 0;
		};
		113C6C34292C760200644596 /* Resources */ = {
			isa = PBXResourcesBuildPhase;
			buildActionMask = 2147483647;
			files = (
			);
			runOnlyForDeploymentPostprocessing = 0;
		};
		113C6C3E292C760200644596 /* Resources */ = {
			isa = PBXResourcesBuildPhase;
			buildActionMask = 2147483647;
			files = (
			);
			runOnlyForDeploymentPostprocessing = 0;
		};
/* End PBXResourcesBuildPhase section */

/* Begin PBXSourcesBuildPhase section */
		113C6C22292C75FD00644596 /* Sources */ = {
			isa = PBXSourcesBuildPhase;
			buildActionMask = 2147483647;
			files = (
				113C6C2C292C75FE00644596 /* ContentView.swift in Sources */,
				113C6C2A292C75FE00644596 /* swift_rollApp.swift in Sources */,
			);
			runOnlyForDeploymentPostprocessing = 0;
		};
		113C6C32292C760200644596 /* Sources */ = {
			isa = PBXSourcesBuildPhase;
			buildActionMask = 2147483647;
			files = (
				113C6C3B292C760200644596 /* swift_rollTests.swift in Sources */,
			);
			runOnlyForDeploymentPostprocessing = 0;
		};
		113C6C3C292C760200644596 /* Sources */ = {
			isa = PBXSourcesBuildPhase;
			buildActionMask = 2147483647;
			files = (
				113C6C45292C760200644596 /* swift_rollUITests.swift in Sources */,
				113C6C47292C760200644596 /* swift_rollUITestsLaunchTests.swift in Sources */,
			);
			runOnlyForDeploymentPostprocessing = 0;
		};
/* End PBXSourcesBuildPhase section */

/* Begin PBXTargetDependency section */
		113C6C38292C760200644596 /* PBXTargetDependency */ = {
			isa = PBXTargetDependency;
			target = 113C6C25292C75FD00644596 /* swift_roll */;
			targetProxy = 113C6C37292C760200644596 /* PBXContainerItemProxy */;
		};
		113C6C42292C760200644596 /* PBXTargetDependency */ = {
			isa = PBXTargetDependency;
			target = 113C6C25292C75FD00644596 /* swift_roll */;
			targetProxy = 113C6C41292C760200644596 /* PBXContainerItemProxy */;
		};
/* End PBXTargetDependency section */

/* Begin XCBuildConfiguration section */
		113C6C48292C760200644596 /* Debug */ = {
			isa = XCBuildConfiguration;
			buildSettings = {
				ALWAYS_SEARCH_USER_PATHS = NO;
				CLANG_ANALYZER_NONNULL = YES;
				CLANG_ANALYZER_NUMBER_OBJECT_CONVERSION = YES_AGGRESSIVE;
				CLANG_CXX_LANGUAGE_STANDARD = "gnu++20";
				CLANG_ENABLE_MODULES = YES;
				CLANG_ENABLE_OBJC_ARC = YES;
				CLANG_ENABLE_OBJC_WEAK = YES;
				CLANG_WARN_BLOCK_CAPTURE_AUTORELEASING = YES;
				CLANG_WARN_BOOL_CONVERSION = YES;
				CLANG_WARN_COMMA = YES;
				CLANG_WARN_CONSTANT_CONVERSION = YES;
				CLANG_WARN_DEPRECATED_OBJC_IMPLEMENTATIONS = YES;
				CLANG_WARN_DIRECT_OBJC_ISA_USAGE = YES_ERROR;
				CLANG_WARN_DOCUMENTATION_COMMENTS = YES;
				CLANG_WARN_EMPTY_BODY = YES;
				CLANG_WARN_ENUM_CONVERSION = YES;
				CLANG_WARN_INFINITE_RECURSION = YES;
				CLANG_WARN_INT_CONVERSION = YES;
				CLANG_WARN_NON_LITERAL_NULL_CONVERSION = YES;
				CLANG_WARN_OBJC_IMPLICIT_RETAIN_SELF = YES;
				CLANG_WARN_OBJC_LITERAL_CONVERSION = YES;
				CLANG_WARN_OBJC_ROOT_CLASS = YES_ERROR;
				CLANG_WARN_QUOTED_INCLUDE_IN_FRAMEWORK_HEADER = YES;
				CLANG_WARN_RANGE_LOOP_ANALYSIS = YES;
				CLANG_WARN_STRICT_PROTOTYPES = YES;
				CLANG_WARN_SUSPICIOUS_MOVE = YES;
				CLANG_WARN_UNGUARDED_AVAILABILITY = YES_AGGRESSIVE;
				CLANG_WARN_UNREACHABLE_CODE = YES;
				CLANG_WARN__DUPLICATE_METHOD_MATCH = YES;
				COPY_PHASE_STRIP = NO;
				DEBUG_INFORMATION_FORMAT = dwarf;
				ENABLE_STRICT_OBJC_MSGSEND = YES;
				ENABLE_TESTABILITY = YES;
				GCC_C_LANGUAGE_STANDARD = gnu11;
				GCC_DYNAMIC_NO_PIC = NO;
				GCC_NO_COMMON_BLOCKS = YES;
				GCC_OPTIMIZATION_LEVEL = 0;
				GCC_PREPROCESSOR_DEFINITIONS = (
					"DEBUG=1",
					"$(inherited)",
				);
				GCC_WARN_64_TO_32_BIT_CONVERSION = YES;
				GCC_WARN_ABOUT_RETURN_TYPE = YES_ERROR;
				GCC_WARN_UNDECLARED_SELECTOR = YES;
				GCC_WARN_UNINITIALIZED_AUTOS = YES_AGGRESSIVE;
				GCC_WARN_UNUSED_FUNCTION = YES;
				GCC_WARN_UNUSED_VARIABLE = YES;
				IPHONEOS_DEPLOYMENT_TARGET = 16.1;
				MTL_ENABLE_DEBUG_INFO = INCLUDE_SOURCE;
				MTL_FAST_MATH = YES;
				ONLY_ACTIVE_ARCH = YES;
				SDKROOT = iphoneos;
				SWIFT_ACTIVE_COMPILATION_CONDITIONS = DEBUG;
				SWIFT_OPTIMIZATION_LEVEL = "-Onone";
			};
			name = Debug;
		};
		113C6C49292C760200644596 /* Release */ = {
			isa = XCBuildConfiguration;
			buildSettings = {
				ALWAYS_SEARCH_USER_PATHS = NO;
				CLANG_ANALYZER_NONNULL = YES;
				CLANG_ANALYZER_NUMBER_OBJECT_CONVERSION = YES_AGGRESSIVE;
				CLANG_CXX_LANGUAGE_STANDARD = "gnu++20";
				CLANG_ENABLE_MODULES = YES;
				CLANG_ENABLE_OBJC_ARC = YES;
				CLANG_ENABLE_OBJC_WEAK = YES;
				CLANG_WARN_BLOCK_CAPTURE_AUTORELEASING = YES;
				CLANG_WARN_BOOL_CONVERSION = YES;
				CLANG_WARN_COMMA = YES;
				CLANG_WARN_CONSTANT_CONVERSION = YES;
				CLANG_WARN_DEPRECATED_OBJC_IMPLEMENTATIONS = YES;
				CLANG_WARN_DIRECT_OBJC_ISA_USAGE = YES_ERROR;
				CLANG_WARN_DOCUMENTATION_COMMENTS = YES;
				CLANG_WARN_EMPTY_BODY = YES;
				CLANG_WARN_ENUM_CONVERSION = YES;
				CLANG_WARN_INFINITE_RECURSION = YES;
				CLANG_WARN_INT_CONVERSION = YES;
				CLANG_WARN_NON_LITERAL_NULL_CONVERSION = YES;
				CLANG_WARN_OBJC_IMPLICIT_RETAIN_SELF = YES;
				CLANG_WARN_OBJC_LITERAL_CONVERSION = YES;
				CLANG_WARN_OBJC_ROOT_CLASS = YES_ERROR;
				CLANG_WARN_QUOTED_INCLUDE_IN_FRAMEWORK_HEADER = YES;
				CLANG_WARN_RANGE_LOOP_ANALYSIS = YES;
				CLANG_WARN_STRICT_PROTOTYPES = YES;
				CLANG_WARN_SUSPICIOUS_MOVE = YES;
				CLANG_WARN_UNGUARDED_AVAILABILITY = YES_AGGRESSIVE;
				CLANG_WARN_UNREACHABLE_CODE = YES;
				CLANG_WARN__DUPLICATE_METHOD_MATCH = YES;
				COPY_PHASE_STRIP = NO;
				DEBUG_INFORMATION_FORMAT = "dwarf-with-dsym";
				ENABLE_NS_ASSERTIONS = NO;
				ENABLE_STRICT_OBJC_MSGSEND = YES;
				GCC_C_LANGUAGE_STANDARD = gnu11;
				GCC_NO_COMMON_BLOCKS = YES;
				GCC_WARN_64_TO_32_BIT_CONVERSION = YES;
				GCC_WARN_ABOUT_RETURN_TYPE = YES_ERROR;
				GCC_WARN_UNDECLARED_SELECTOR = YES;
				GCC_WARN_UNINITIALIZED_AUTOS = YES_AGGRESSIVE;
				GCC_WARN_UNUSED_FUNCTION = YES;
				GCC_WARN_UNUSED_VARIABLE = YES;
				IPHONEOS_DEPLOYMENT_TARGET = 16.1;
				MTL_ENABLE_DEBUG_INFO = NO;
				MTL_FAST_MATH = YES;
				SDKROOT = iphoneos;
				SWIFT_COMPILATION_MODE = wholemodule;
				SWIFT_OPTIMIZATION_LEVEL = "-O";
				VALIDATE_PRODUCT = YES;
			};
			name = Release;
		};
		113C6C4B292C760200644596 /* Debug */ = {
			isa = XCBuildConfiguration;
			buildSettings = {
				ASSETCATALOG_COMPILER_APPICON_NAME = AppIcon;
				ASSETCATALOG_COMPILER_GLOBAL_ACCENT_COLOR_NAME = AccentColor;
				CODE_SIGN_STYLE = Automatic;
				CURRENT_PROJECT_VERSION = 1;
				DEVELOPMENT_ASSET_PATHS = "\"swift_roll/Preview Content\"";
				ENABLE_PREVIEWS = YES;
				GENERATE_INFOPLIST_FILE = YES;
				INFOPLIST_KEY_UIApplicationSceneManifest_Generation = YES;
				INFOPLIST_KEY_UIApplicationSupportsIndirectInputEvents = YES;
				INFOPLIST_KEY_UILaunchScreen_Generation = YES;
				INFOPLIST_KEY_UIStatusBarStyle = "";
				INFOPLIST_KEY_UISupportedInterfaceOrientations = "UIInterfaceOrientationLandscapeLeft UIInterfaceOrientationLandscapeRight UIInterfaceOrientationPortrait UIInterfaceOrientationPortraitUpsideDown";
				IPHONEOS_DEPLOYMENT_TARGET = 15.0;
				LD_RUNPATH_SEARCH_PATHS = (
					"$(inherited)",
					"@executable_path/Frameworks",
				);
				MARKETING_VERSION = 1.0;
				PRODUCT_BUNDLE_IDENTIFIER = "axb19c.swift-roll";
				PRODUCT_NAME = "$(TARGET_NAME)";
				SWIFT_EMIT_LOC_STRINGS = YES;
				SWIFT_VERSION = 5.0;
				TARGETED_DEVICE_FAMILY = "1,2";
			};
			name = Debug;
		};
		113C6C4C292C760200644596 /* Release */ = {
			isa = XCBuildConfiguration;
			buildSettings = {
				ASSETCATALOG_COMPILER_APPICON_NAME = AppIcon;
				ASSETCATALOG_COMPILER_GLOBAL_ACCENT_COLOR_NAME = AccentColor;
				CODE_SIGN_STYLE = Automatic;
				CURRENT_PROJECT_VERSION = 1;
				DEVELOPMENT_ASSET_PATHS = "\"swift_roll/Preview Content\"";
				ENABLE_PREVIEWS = YES;
				GENERATE_INFOPLIST_FILE = YES;
				INFOPLIST_KEY_UIApplicationSceneManifest_Generation = YES;
				INFOPLIST_KEY_UIApplicationSupportsIndirectInputEvents = YES;
				INFOPLIST_KEY_UILaunchScreen_Generation = YES;
				INFOPLIST_KEY_UIStatusBarStyle = "";
				INFOPLIST_KEY_UISupportedInterfaceOrientations = "UIInterfaceOrientationLandscapeLeft UIInterfaceOrientationLandscapeRight UIInterfaceOrientationPortrait UIInterfaceOrientationPortraitUpsideDown";
				IPHONEOS_DEPLOYMENT_TARGET = 15.0;
				LD_RUNPATH_SEARCH_PATHS = (
					"$(inherited)",
					"@executable_path/Frameworks",
				);
				MARKETING_VERSION = 1.0;
				PRODUCT_BUNDLE_IDENTIFIER = "axb19c.swift-roll";
				PRODUCT_NAME = "$(TARGET_NAME)";
				SWIFT_EMIT_LOC_STRINGS = YES;
				SWIFT_VERSION = 5.0;
				TARGETED_DEVICE_FAMILY = "1,2";
			};
			name = Release;
		};
		113C6C4E292C760200644596 /* Debug */ = {
			isa = XCBuildConfiguration;
			buildSettings = {
				ALWAYS_EMBED_SWIFT_STANDARD_LIBRARIES = YES;
				BUNDLE_LOADER = "$(TEST_HOST)";
				CODE_SIGN_STYLE = Automatic;
				CURRENT_PROJECT_VERSION = 1;
				GENERATE_INFOPLIST_FILE = YES;
				IPHONEOS_DEPLOYMENT_TARGET = 16.1;
				MARKETING_VERSION = 1.0;
				PRODUCT_BUNDLE_IDENTIFIER = "axb19c.swift-rollTests";
				PRODUCT_NAME = "$(TARGET_NAME)";
				SWIFT_EMIT_LOC_STRINGS = NO;
				SWIFT_VERSION = 5.0;
				TARGETED_DEVICE_FAMILY = "1,2";
				TEST_HOST = "$(BUILT_PRODUCTS_DIR)/swift_roll.app/$(BUNDLE_EXECUTABLE_FOLDER_PATH)/swift_roll";
			};
			name = Debug;
		};
		113C6C4F292C760200644596 /* Release */ = {
			isa = XCBuildConfiguration;
			buildSettings = {
				ALWAYS_EMBED_SWIFT_STANDARD_LIBRARIES = YES;
				BUNDLE_LOADER = "$(TEST_HOST)";
				CODE_SIGN_STYLE = Automatic;
				CURRENT_PROJECT_VERSION = 1;
				GENERATE_INFOPLIST_FILE = YES;
				IPHONEOS_DEPLOYMENT_TARGET = 16.1;
				MARKETING_VERSION = 1.0;
				PRODUCT_BUNDLE_IDENTIFIER = "axb19c.swift-rollTests";
				PRODUCT_NAME = "$(TARGET_NAME)";
				SWIFT_EMIT_LOC_STRINGS = NO;
				SWIFT_VERSION = 5.0;
				TARGETED_DEVICE_FAMILY = "1,2";
				TEST_HOST = "$(BUILT_PRODUCTS_DIR)/swift_roll.app/$(BUNDLE_EXECUTABLE_FOLDER_PATH)/swift_roll";
			};
			name = Release;
		};
		113C6C51292C760200644596 /* Debug */ = {
			isa = XCBuildConfiguration;
			buildSettings = {
				ALWAYS_EMBED_SWIFT_STANDARD_LIBRARIES = YES;
				CODE_SIGN_STYLE = Automatic;
				CURRENT_PROJECT_VERSION = 1;
				GENERATE_INFOPLIST_FILE = YES;
				MARKETING_VERSION = 1.0;
				PRODUCT_BUNDLE_IDENTIFIER = "axb19c.swift-rollUITests";
				PRODUCT_NAME = "$(TARGET_NAME)";
				SWIFT_EMIT_LOC_STRINGS = NO;
				SWIFT_VERSION = 5.0;
				TARGETED_DEVICE_FAMILY = "1,2";
				TEST_TARGET_NAME = swift_roll;
			};
			name = Debug;
		};
		113C6C52292C760200644596 /* Release */ = {
			isa = XCBuildConfiguration;
			buildSettings = {
				ALWAYS_EMBED_SWIFT_STANDARD_LIBRARIES = YES;
				CODE_SIGN_STYLE = Automatic;
				CURRENT_PROJECT_VERSION = 1;
				GENERATE_INFOPLIST_FILE = YES;
				MARKETING_VERSION = 1.0;
				PRODUCT_BUNDLE_IDENTIFIER = "axb19c.swift-rollUITests";
				PRODUCT_NAME = "$(TARGET_NAME)";
				SWIFT_EMIT_LOC_STRINGS = NO;
				SWIFT_VERSION = 5.0;
				TARGETED_DEVICE_FAMILY = "1,2";
				TEST_TARGET_NAME = swift_roll;
			};
			name = Release;
		};
/* End XCBuildConfiguration section */

/* Begin XCConfigurationList section */
		113C6C21292C75FD00644596 /* Build configuration list for PBXProject "swift_roll" */ = {
			isa = XCConfigurationList;
			buildConfigurations = (
				113C6C48292C760200644596 /* Debug */,
				113C6C49292C760200644596 /* Release */,
			);
			defaultConfigurationIsVisible = 0;
			defaultConfigurationName = Release;
		};
		113C6C4A292C760200644596 /* Build configuration list for PBXNativeTarget "swift_roll" */ = {
			isa = XCConfigurationList;
			buildConfigurations = (
				113C6C4B292C760200644596 /* Debug */,
				113C6C4C292C760200644596 /* Release */,
			);
			defaultConfigurationIsVisible = 0;
			defaultConfigurationName = Release;
		};
		113C6C4D292C760200644596 /* Build configuration list for PBXNativeTarget "swift_rollTests" */ = {
			isa = XCConfigurationList;
			buildConfigurations = (
				113C6C4E292C760200644596 /* Debug */,
				113C6C4F292C760200644596 /* Release */,
			);
			defaultConfigurationIsVisible = 0;
			defaultConfigurationName = Release;
		};
		113C6C50292C760200644596 /* Build configuration list for PBXNativeTarget "swift_rollUITests" */ = {
			isa = XCConfigurationList;
			buildConfigurations = (
				113C6C51292C760200644596 /* Debug */,
				113C6C52292C760200644596 /* Release */,
			);
			defaultConfigurationIsVisible = 0;
			defaultConfigurationName = Release;
		};
/* End XCConfigurationList section */
	};
	rootObject = 113C6C1E292C75FD00644596 /* Project object */;
}
